{
  "name": "hudsonhelper",
  "version": "1.0.0",
  "lockfileVersion": 1,
  "requires": true,
  "dependencies": {
    "async": {
      "version": "0.2.10",
      "resolved": "https://registry.npmjs.org/async/-/async-0.2.10.tgz",
      "integrity": "sha1-trvgsGdLnXGXCMo43owjfLUmw9E="
    },
    "escape-regexp": {
      "version": "0.0.1",
      "resolved": "https://registry.npmjs.org/escape-regexp/-/escape-regexp-0.0.1.tgz",
      "integrity": "sha1-9EvaEtRbvfnLf4Yu5+SCez3TIlQ="
    },
    "fs-finder": {
      "version": "1.8.1",
      "resolved": "https://registry.npmjs.org/fs-finder/-/fs-finder-1.8.1.tgz",
      "integrity": "sha1-EG/qiqidCvNDNgZj1YVYYsrhuHQ=",
      "requires": {
        "async": "0.2.10",
        "escape-regexp": "0.0.1",
        "moment": "2.5.1",
        "operator-compare": "1.0.3",
        "q": "1.0.1"
      }
    },
    "moment": {
      "version": "2.5.1",
      "resolved": "https://registry.npmjs.org/moment/-/moment-2.5.1.tgz",
      "integrity": "sha1-cUajkAUzBkynmdXnkvTkgO4Ogrw="
    },
    "operator-compare": {
      "version": "1.0.3",
      "resolved": "https://registry.npmjs.org/operator-compare/-/operator-compare-1.0.3.tgz",
      "integrity": "sha1-jQbQlLwbg6YH/JyfOABEeIZZGvk="
    },
    "q": {
      "version": "1.0.1",
      "resolved": "https://registry.npmjs.org/q/-/q-1.0.1.tgz",
      "integrity": "sha1-EYcq7t7okmgRCxCnGESP+xARKhQ="
    },
    "xmldom": {
      "version": "0.1.27",
      "resolved": "https://registry.npmjs.org/xmldom/-/xmldom-0.1.27.tgz",
      "integrity": "sha1-1QH5ezvbQDr4757MIFcxh6rawOk="
    },
    "xpath": {
      "version": "0.0.27",
      "resolved": "https://registry.npmjs.org/xpath/-/xpath-0.0.27.tgz",
      "integrity": "sha512-fg03WRxtkCV6ohClePNAECYsmpKKTv5L8y/X3Dn1hQrec3POx2jHZ/0P2qQ6HvsrU1BmeqXcof3NGGueG6LxwQ=="
    }
  }
}
